
Microsoft Visual Studio Solution File, Format Version 12.00
# Visual Studio Version 16
VisualStudioVersion = 16.0.31613.86
MinimumVisualStudioVersion = 10.0.40219.1
Project("{FAE04EC0-301F-11D3-BF4B-00C04F79EFBC}") = "Task4", "Task4\Task4.csproj", "{4444A994-4D34-472E-9DDD-80F5CB784663}"
EndProject
Global
	GlobalSection(SolutionConfigurationPlatforms) = preSolution
		Debug|Any CPU = Debug|Any CPU
		Release|Any CPU = Release|Any CPU
	EndGlobalSection
	GlobalSection(ProjectConfigurationPlatforms) = postSolution
		{4444A994-4D34-472E-9DDD-80F5CB784663}.Debug|Any CPU.ActiveCfg = Debug|Any CPU
		{4444A994-4D34-472E-9DDD-80F5CB784663}.Debug|Any CPU.Build.0 = Debug|Any CPU
		{4444A994-4D34-472E-9DDD-80F5CB784663}.Release|Any CPU.ActiveCfg = Release|Any CPU
		{4444A994-4D34-472E-9DDD-80F5CB784663}.Release|Any CPU.Build.0 = Release|Any CPU
	EndGlobalSection
	GlobalSection(SolutionProperties) = preSolution
		HideSolutionNode = FALSE
	EndGlobalSection
	GlobalSection(ExtensibilityGlobals) = postSolution
		SolutionGuid = {2FA2004E-1C00-4C3B-B0A1-A7AF66AA6EB1}
	EndGlobalSection
EndGlobal
