
Microsoft Visual Studio Solution File, Format Version 12.00
# Visual Studio Version 16
VisualStudioVersion = 16.0.31613.86
MinimumVisualStudioVersion = 10.0.40219.1
Project("{FAE04EC0-301F-11D3-BF4B-00C04F79EFBC}") = "Task_2", "Task_2\Task_2.csproj", "{3596599A-54BA-41D3-9113-29E45D63D3FE}"
EndProject
Global
	GlobalSection(SolutionConfigurationPlatforms) = preSolution
		Debug|Any CPU = Debug|Any CPU
		Release|Any CPU = Release|Any CPU
	EndGlobalSection
	GlobalSection(ProjectConfigurationPlatforms) = postSolution
		{3596599A-54BA-41D3-9113-29E45D63D3FE}.Debug|Any CPU.ActiveCfg = Debug|Any CPU
		{3596599A-54BA-41D3-9113-29E45D63D3FE}.Debug|Any CPU.Build.0 = Debug|Any CPU
		{3596599A-54BA-41D3-9113-29E45D63D3FE}.Release|Any CPU.ActiveCfg = Release|Any CPU
		{3596599A-54BA-41D3-9113-29E45D63D3FE}.Release|Any CPU.Build.0 = Release|Any CPU
	EndGlobalSection
	GlobalSection(SolutionProperties) = preSolution
		HideSolutionNode = FALSE
	EndGlobalSection
	GlobalSection(ExtensibilityGlobals) = postSolution
		SolutionGuid = {616CB590-8ABE-4EC0-A0D9-73BEC1C7031C}
	EndGlobalSection
EndGlobal
