
Microsoft Visual Studio Solution File, Format Version 12.00
# Visual Studio Version 16
VisualStudioVersion = 16.0.31613.86
MinimumVisualStudioVersion = 10.0.40219.1
Project("{FAE04EC0-301F-11D3-BF4B-00C04F79EFBC}") = "Day_2Code", "Day_2Code\Day_2Code.csproj", "{A1E8BA17-1A2E-4548-AFB4-85285019CAE1}"
EndProject
Global
	GlobalSection(SolutionConfigurationPlatforms) = preSolution
		Debug|Any CPU = Debug|Any CPU
		Release|Any CPU = Release|Any CPU
	EndGlobalSection
	GlobalSection(ProjectConfigurationPlatforms) = postSolution
		{A1E8BA17-1A2E-4548-AFB4-85285019CAE1}.Debug|Any CPU.ActiveCfg = Debug|Any CPU
		{A1E8BA17-1A2E-4548-AFB4-85285019CAE1}.Debug|Any CPU.Build.0 = Debug|Any CPU
		{A1E8BA17-1A2E-4548-AFB4-85285019CAE1}.Release|Any CPU.ActiveCfg = Release|Any CPU
		{A1E8BA17-1A2E-4548-AFB4-85285019CAE1}.Release|Any CPU.Build.0 = Release|Any CPU
	EndGlobalSection
	GlobalSection(SolutionProperties) = preSolution
		HideSolutionNode = FALSE
	EndGlobalSection
	GlobalSection(ExtensibilityGlobals) = postSolution
		SolutionGuid = {55ABDD6A-C0D5-4045-98C4-32F94BA1D51A}
	EndGlobalSection
EndGlobal
